{
  "name": "@repo/dashboard",
  "version": "0.1.0",
  "lockfileVersion": 3,
  "requires": true,
  "packages": {
    "": {
      "name": "@repo/dashboard",
      "version": "0.1.0",
      "dependencies": {
        "@emotion/cache": "^11.14.0",
        "@emotion/react": "^11.14.0",
        "@emotion/server": "^11.11.0",
        "@emotion/styled": "^11.14.1",
        "@mui/icons-material": "^7.3.4",
        "@mui/material": "^7.3.4",
        "@mui/x-data-grid": "^8.13.1",
        "fs-extra": "^11.3.2",
        "next": "15.5.4",
        "react": "19.1.0",
        "react-dom": "19.1.0"
      },
      "devDependencies": {
        "@tailwindcss/postcss": "^4",
        "@types/fs-extra": "^11.0.4",
        "@types/node": "^20",
        "@types/react": "^19",
        "@types/react-dom": "^19",
        "tailwindcss": "^4",
        "typescript": "^5"
      }
    },
    "../../node_modules/.pnpm/@emotion+cache@11.14.0/node_modules/@emotion/cache": {
      "version": "11.14.0",
      "license": "MIT",
      "dependencies": {
        "@emotion/memoize": "^0.9.0",
        "@emotion/sheet": "^1.4.0",
        "@emotion/utils": "^1.4.2",
        "@emotion/weak-memoize": "^0.4.0",
        "stylis": "4.2.0"
      },
      "devDependencies": {
        "@definitelytyped/dtslint": "0.0.112",
        "@emotion/hash": "*",
        "@types/stylis": "^4.2.7",
        "typescript": "^5.4.5"
      }
    },
    "../../node_modules/.pnpm/@emotion+react@11.14.0_@types+react@19.2.0_react@19.1.0/node_modules/@emotion/react": {
      "version": "11.14.0",
      "license": "MIT",
      "dependencies": {
        "@babel/runtime": "^7.18.3",
        "@emotion/babel-plugin": "^11.13.5",
        "@emotion/cache": "^11.14.0",
        "@emotion/serialize": "^1.3.3",
        "@emotion/use-insertion-effect-with-fallbacks": "^1.2.0",
        "@emotion/utils": "^1.4.2",
        "@emotion/weak-memoize": "^0.4.0",
        "hoist-non-react-statics": "^3.3.1"
      },
      "devDependencies": {
        "@definitelytyped/dtslint": "0.0.112",
        "@emotion/css": "11.13.5",
        "@emotion/css-prettifier": "1.2.0",
        "@emotion/server": "11.11.0",
        "@emotion/styled": "11.14.0",
        "@types/hoist-non-react-statics": "^3.3.5",
        "html-tag-names": "^1.1.2",
        "react": "16.14.0",
        "svg-tag-names": "^1.1.1",
        "typescript": "^5.4.5"
      },
      "peerDependencies": {
        "react": ">=16.8.0"
      },
      "peerDependenciesMeta": {
        "@types/react": {
          "optional": true
        }
      }
    },
    "../../node_modules/.pnpm/@emotion+server@11.11.0/node_modules/@emotion/server": {
      "version": "11.11.0",
      "license": "MIT",
      "dependencies": {
        "@emotion/utils": "^1.2.1",
        "html-tokenize": "^2.0.0",
        "multipipe": "^1.0.2",
        "through": "^2.3.8"
      },
      "devDependencies": {
        "@definitelytyped/dtslint": "0.0.112",
        "@emotion/babel-plugin": "11.11.0",
        "@emotion/css": "11.11.0",
        "@emotion/css-prettifier": "1.1.3",
        "@types/node": "^12.20.37",
        "typescript": "^4.5.5"
      },
      "peerDependencies": {
        "@emotion/css": "^11.0.0-rc.0"
      },
      "peerDependenciesMeta": {
        "@emotion/css": {
          "optional": true
        }
      }
    },
    "../../node_modules/.pnpm/@emotion+styled@11.14.1_@em_66240149f5d90bee62258486c6c8e555/node_modules/@emotion/styled": {
      "version": "11.14.1",
      "license": "MIT",
      "dependencies": {
        "@babel/runtime": "^7.18.3",
        "@emotion/babel-plugin": "^11.13.5",
        "@emotion/is-prop-valid": "^1.3.0",
        "@emotion/serialize": "^1.3.3",
        "@emotion/use-insertion-effect-with-fallbacks": "^1.2.0",
        "@emotion/utils": "^1.4.2"
      },
      "devDependencies": {
        "@definitelytyped/dtslint": "0.0.112",
        "@emotion/react": "11.14.0",
        "react": "16.14.0",
        "typescript": "^5.4.5"
      },
      "peerDependencies": {
        "@emotion/react": "^11.0.0-rc.0",
        "react": ">=16.8.0"
      },
      "peerDependenciesMeta": {
        "@types/react": {
          "optional": true
        }
      }
    },
    "../../node_modules/.pnpm/@mui+icons-material@7.3.4_@_a9da24b484323264003e24edbf527890/node_modules/@mui/icons-material": {
      "version": "7.3.4",
      "license": "MIT",
      "dependencies": {
        "@babel/runtime": "^7.28.4"
      },
      "engines": {
        "node": ">=14.0.0"
      },
      "funding": {
        "type": "opencollective",
        "url": "https://opencollective.com/mui-org"
      },
      "peerDependencies": {
        "@mui/material": "^7.3.4",
        "@types/react": "^17.0.0 || ^18.0.0 || ^19.0.0",
        "react": "^17.0.0 || ^18.0.0 || ^19.0.0"
      },
      "peerDependenciesMeta": {
        "@types/react": {
          "optional": true
        }
      }
    },
    "../../node_modules/.pnpm/@mui+material@7.3.4_@emotio_6f165dbb6eb56237110069d973d6fd7d/node_modules/@mui/material": {
      "version": "7.3.4",
      "license": "MIT",
      "dependencies": {
        "@babel/runtime": "^7.28.4",
        "@mui/core-downloads-tracker": "^7.3.4",
        "@mui/system": "^7.3.3",
        "@mui/types": "^7.4.7",
        "@mui/utils": "^7.3.3",
        "@popperjs/core": "^2.11.8",
        "@types/react-transition-group": "^4.4.12",
        "clsx": "^2.1.1",
        "csstype": "^3.1.3",
        "prop-types": "^15.8.1",
        "react-is": "^19.1.1",
        "react-transition-group": "^4.4.5"
      },
      "engines": {
        "node": ">=14.0.0"
      },
      "funding": {
        "type": "opencollective",
        "url": "https://opencollective.com/mui-org"
      },
      "peerDependencies": {
        "@emotion/react": "^11.5.0",
        "@emotion/styled": "^11.3.0",
        "@mui/material-pigment-css": "^7.3.3",
        "@types/react": "^17.0.0 || ^18.0.0 || ^19.0.0",
        "react": "^17.0.0 || ^18.0.0 || ^19.0.0",
        "react-dom": "^17.0.0 || ^18.0.0 || ^19.0.0"
      },
      "peerDependenciesMeta": {
        "@emotion/react": {
          "optional": true
        },
        "@emotion/styled": {
          "optional": true
        },
        "@mui/material-pigment-css": {
          "optional": true
        },
        "@types/react": {
          "optional": true
        }
      }
    },
    "../../node_modules/.pnpm/@mui+x-data-grid@8.13.1_@em_b07d343c62fd5f4b02c8f973b9cc30dd/node_modules/@mui/x-data-grid": {
      "version": "8.13.1",
      "license": "MIT",
      "dependencies": {
        "@babel/runtime": "^7.28.4",
        "@mui/utils": "^7.3.2",
        "@mui/x-internals": "8.13.1",
        "@mui/x-virtualizer": "0.2.2",
        "clsx": "^2.1.1",
        "prop-types": "^15.8.1",
        "use-sync-external-store": "^1.5.0"
      },
      "engines": {
        "node": ">=14.0.0"
      },
      "funding": {
        "type": "opencollective",
        "url": "https://opencollective.com/mui-org"
      },
      "peerDependencies": {
        "@emotion/react": "^11.9.0",
        "@emotion/styled": "^11.8.1",
        "@mui/material": "^5.15.14 || ^6.0.0 || ^7.0.0",
        "@mui/system": "^5.15.14 || ^6.0.0 || ^7.0.0",
        "react": "^17.0.0 || ^18.0.0 || ^19.0.0",
        "react-dom": "^17.0.0 || ^18.0.0 || ^19.0.0"
      },
      "peerDependenciesMeta": {
        "@emotion/react": {
          "optional": true
        },
        "@emotion/styled": {
          "optional": true
        }
      }
    },
    "../../node_modules/.pnpm/@tailwindcss+postcss@4.1.14/node_modules/@tailwindcss/postcss": {
      "version": "4.1.14",
      "dev": true,
      "license": "MIT",
      "dependencies": {
        "@alloc/quick-lru": "^5.2.0",
        "@tailwindcss/node": "4.1.14",
        "@tailwindcss/oxide": "4.1.14",
        "postcss": "^8.4.41",
        "tailwindcss": "4.1.14"
      },
      "devDependencies": {
        "@types/node": "^20.19.0",
        "@types/postcss-import": "14.0.3",
        "dedent": "1.7.0",
        "internal-example-plugin": "0.0.0",
        "postcss-import": "^16.1.1"
      }
    },
    "../../node_modules/.pnpm/@types+react-dom@19.2.0_@types+react@19.2.0/node_modules/@types/react-dom": {
      "version": "19.2.0",
      "dev": true,
      "license": "MIT",
      "peerDependencies": {
        "@types/react": "^19.2.0"
      }
    },
    "../../node_modules/.pnpm/@types+react@19.2.0/node_modules/@types/react": {
      "version": "19.2.0",
      "dev": true,
      "license": "MIT",
      "dependencies": {
        "csstype": "^3.0.2"
      }
    },
    "../../node_modules/.pnpm/fs-extra@11.3.2/node_modules/fs-extra": {
      "version": "11.3.2",
      "license": "MIT",
      "dependencies": {
        "graceful-fs": "^4.2.0",
        "jsonfile": "^6.0.1",
        "universalify": "^2.0.0"
      },
      "devDependencies": {
        "klaw": "^2.1.1",
        "klaw-sync": "^3.0.2",
        "minimist": "^1.1.1",
        "mocha": "^10.1.0",
        "nyc": "^15.0.0",
        "proxyquire": "^2.0.1",
        "read-dir-files": "^0.1.1",
        "standard": "^17.0.0"
      },
      "engines": {
        "node": ">=14.14"
      }
    },
    "../../node_modules/.pnpm/next@15.5.4_react-dom@19.1.0_react@19.1.0__react@19.1.0/node_modules/next": {
      "version": "15.5.4",
      "license": "MIT",
      "dependencies": {
        "@next/env": "15.5.4",
        "@swc/helpers": "0.5.15",
        "caniuse-lite": "^1.0.30001579",
        "postcss": "8.4.31",
        "styled-jsx": "5.1.6"
      },
      "bin": {
        "next": "dist/bin/next"
      },
      "devDependencies": {
        "@ampproject/toolbox-optimizer": "2.8.3",
        "@babel/code-frame": "7.26.2",
        "@babel/core": "7.26.10",
        "@babel/eslint-parser": "7.24.6",
        "@babel/generator": "7.27.0",
        "@babel/plugin-syntax-bigint": "7.8.3",
        "@babel/plugin-syntax-dynamic-import": "7.8.3",
        "@babel/plugin-syntax-import-attributes": "7.26.0",
        "@babel/plugin-syntax-jsx": "7.25.9",
        "@babel/plugin-syntax-typescript": "7.25.4",
        "@babel/plugin-transform-class-properties": "7.25.9",
        "@babel/plugin-transform-export-namespace-from": "7.25.9",
        "@babel/plugin-transform-modules-commonjs": "7.26.3",
        "@babel/plugin-transform-numeric-separator": "7.25.9",
        "@babel/plugin-transform-object-rest-spread": "7.25.9",
        "@babel/plugin-transform-runtime": "7.26.10",
        "@babel/preset-env": "7.26.9",
        "@babel/preset-react": "7.26.3",
        "@babel/preset-typescript": "7.27.0",
        "@babel/runtime": "7.27.0",
        "@babel/traverse": "7.27.0",
        "@babel/types": "7.27.0",
        "@base-ui-components/react": "1.0.0-beta.2",
        "@capsizecss/metrics": "3.4.0",
        "@edge-runtime/cookies": "6.0.0",
        "@edge-runtime/ponyfill": "4.0.0",
        "@edge-runtime/primitives": "6.0.0",
        "@hapi/accept": "5.0.2",
        "@jest/transform": "29.5.0",
        "@jest/types": "29.5.0",
        "@mswjs/interceptors": "0.23.0",
        "@napi-rs/triples": "1.2.0",
        "@next/font": "15.5.4",
        "@next/polyfill-module": "15.5.4",
        "@next/polyfill-nomodule": "15.5.4",
        "@next/react-refresh-utils": "15.5.4",
        "@next/swc": "15.5.4",
        "@opentelemetry/api": "1.6.0",
        "@playwright/test": "1.51.1",
        "@rspack/core": "1.4.5",
        "@storybook/addon-a11y": "8.6.0",
        "@storybook/addon-essentials": "8.6.0",
        "@storybook/addon-interactions": "8.6.0",
        "@storybook/addon-webpack5-compiler-swc": "3.0.0",
        "@storybook/blocks": "8.6.0",
        "@storybook/react": "8.6.0",
        "@storybook/react-webpack5": "8.6.0",
        "@storybook/test": "8.6.0",
        "@storybook/test-runner": "0.21.0",
        "@swc/core": "1.11.24",
        "@swc/types": "0.1.7",
        "@taskr/clear": "1.1.0",
        "@taskr/esnext": "1.1.0",
        "@types/amphtml-validator": "1.0.0",
        "@types/babel__code-frame": "7.0.6",
        "@types/babel__core": "7.20.5",
        "@types/babel__generator": "7.27.0",
        "@types/babel__template": "7.4.4",
        "@types/babel__traverse": "7.20.7",
        "@types/bytes": "3.1.1",
        "@types/ci-info": "2.0.0",
        "@types/compression": "0.0.36",
        "@types/content-disposition": "0.5.4",
        "@types/content-type": "1.1.3",
        "@types/cookie": "0.3.3",
        "@types/cross-spawn": "6.0.0",
        "@types/debug": "4.1.5",
        "@types/express-serve-static-core": "4.17.33",
        "@types/fresh": "0.5.0",
        "@types/glob": "7.1.1",
        "@types/jsonwebtoken": "9.0.0",
        "@types/lodash": "4.14.198",
        "@types/lodash.curry": "4.1.6",
        "@types/path-to-regexp": "1.7.0",
        "@types/picomatch": "2.3.3",
        "@types/platform": "1.3.4",
        "@types/react": "19.0.8",
        "@types/react-dom": "19.0.3",
        "@types/react-is": "18.2.4",
        "@types/semver": "7.3.1",
        "@types/send": "0.14.4",
        "@types/shell-quote": "1.7.1",
        "@types/tar": "6.1.5",
        "@types/text-table": "0.2.1",
        "@types/ua-parser-js": "0.7.36",
        "@types/webpack-sources1": "npm:@types/webpack-sources@0.1.5",
        "@types/ws": "8.2.0",
        "@vercel/ncc": "0.34.0",
        "@vercel/nft": "0.27.1",
        "@vercel/turbopack-ecmascript-runtime": "*",
        "acorn": "8.14.0",
        "amphtml-validator": "1.0.38",
        "anser": "1.4.9",
        "arg": "4.1.0",
        "assert": "2.0.0",
        "async-retry": "1.2.3",
        "async-sema": "3.0.0",
        "axe-playwright": "2.0.3",
        "babel-loader": "10.0.0",
        "babel-plugin-react-compiler": "19.1.0-rc.2",
        "babel-plugin-transform-define": "2.0.0",
        "babel-plugin-transform-react-remove-prop-types": "0.4.24",
        "browserify-zlib": "0.2.0",
        "browserslist": "4.24.4",
        "buffer": "5.6.0",
        "busboy": "1.6.0",
        "bytes": "3.1.1",
        "ci-info": "watson/ci-info#f43f6a1cefff47fb361c88cf4b943fdbcaafe540",
        "cli-select": "1.1.2",
        "client-only": "0.0.1",
        "commander": "12.1.0",
        "comment-json": "3.0.3",
        "compression": "1.7.4",
        "conf": "5.0.0",
        "constants-browserify": "1.0.0",
        "content-disposition": "0.5.3",
        "content-type": "1.0.4",
        "cookie": "0.4.1",
        "cross-env": "6.0.3",
        "cross-spawn": "7.0.3",
        "crypto-browserify": "3.12.0",
        "css-loader": "7.1.2",
        "css.escape": "1.5.1",
        "cssnano-preset-default": "7.0.6",
        "data-uri-to-buffer": "3.0.1",
        "debug": "4.1.1",
        "devalue": "2.0.1",
        "domain-browser": "4.19.0",
        "edge-runtime": "4.0.1",
        "events": "3.3.0",
        "find-up": "4.1.0",
        "fresh": "0.5.2",
        "glob": "7.1.7",
        "gzip-size": "5.1.1",
        "http-proxy": "1.18.1",
        "http-proxy-agent": "5.0.0",
        "https-browserify": "1.0.0",
        "https-proxy-agent": "5.0.1",
        "icss-utils": "5.1.0",
        "ignore-loader": "0.1.2",
        "image-size": "1.2.1",
        "is-docker": "2.0.0",
        "is-wsl": "2.2.0",
        "jest-worker": "27.5.1",
        "json5": "2.2.3",
        "jsonwebtoken": "9.0.0",
        "loader-runner": "4.3.0",
        "loader-utils2": "npm:loader-utils@2.0.4",
        "loader-utils3": "npm:loader-utils@3.1.3",
        "lodash.curry": "4.1.1",
        "mini-css-extract-plugin": "2.4.4",
        "msw": "2.3.0",
        "nanoid": "3.1.32",
        "native-url": "0.3.4",
        "neo-async": "2.6.1",
        "node-html-parser": "5.3.3",
        "ora": "4.0.4",
        "os-browserify": "0.3.0",
        "p-limit": "3.1.0",
        "p-queue": "6.6.2",
        "path-browserify": "1.0.1",
        "path-to-regexp": "6.3.0",
        "picomatch": "4.0.1",
        "postcss-flexbugs-fixes": "5.0.2",
        "postcss-modules-extract-imports": "3.0.0",
        "postcss-modules-local-by-default": "4.2.0",
        "postcss-modules-scope": "3.0.0",
        "postcss-modules-values": "4.0.0",
        "postcss-preset-env": "7.4.3",
        "postcss-safe-parser": "6.0.0",
        "postcss-scss": "4.0.3",
        "postcss-value-parser": "4.2.0",
        "process": "0.11.10",
        "punycode": "2.1.1",
        "querystring-es3": "0.2.1",
        "raw-body": "2.4.1",
        "react-refresh": "0.12.0",
        "recast": "0.23.11",
        "regenerator-runtime": "0.13.4",
        "safe-stable-stringify": "2.5.0",
        "sass-loader": "15.0.0",
        "schema-utils2": "npm:schema-utils@2.7.1",
        "schema-utils3": "npm:schema-utils@3.0.0",
        "semver": "7.3.2",
        "send": "0.18.0",
        "server-only": "0.0.1",
        "setimmediate": "1.0.5",
        "shell-quote": "1.7.3",
        "source-map": "0.6.1",
        "source-map-loader": "5.0.0",
        "source-map08": "npm:source-map@0.8.0-beta.0",
        "stacktrace-parser": "0.1.10",
        "storybook": "8.6.0",
        "stream-browserify": "3.0.0",
        "stream-http": "3.1.1",
        "strict-event-emitter": "0.5.0",
        "string_decoder": "1.3.0",
        "string-hash": "1.1.3",
        "strip-ansi": "6.0.0",
        "style-loader": "4.0.0",
        "superstruct": "1.0.3",
        "tar": "6.1.15",
        "taskr": "1.1.0",
        "terser": "5.27.0",
        "terser-webpack-plugin": "5.3.9",
        "text-table": "0.2.0",
        "timers-browserify": "2.0.12",
        "tty-browserify": "0.0.1",
        "typescript": "5.8.2",
        "ua-parser-js": "1.0.35",
        "unistore": "3.4.1",
        "util": "0.12.4",
        "vm-browserify": "1.1.2",
        "watchpack": "2.4.0",
        "web-vitals": "4.2.1",
        "webpack": "5.98.0",
        "webpack-sources1": "npm:webpack-sources@1.4.3",
        "webpack-sources3": "npm:webpack-sources@3.2.3",
        "ws": "8.2.3",
        "zod": "3.25.76",
        "zod-validation-error": "3.4.0"
      },
      "engines": {
        "node": "^18.18.0 || ^19.8.0 || >= 20.0.0"
      },
      "optionalDependencies": {
        "@next/swc-darwin-arm64": "15.5.4",
        "@next/swc-darwin-x64": "15.5.4",
        "@next/swc-linux-arm64-gnu": "15.5.4",
        "@next/swc-linux-arm64-musl": "15.5.4",
        "@next/swc-linux-x64-gnu": "15.5.4",
        "@next/swc-linux-x64-musl": "15.5.4",
        "@next/swc-win32-arm64-msvc": "15.5.4",
        "@next/swc-win32-x64-msvc": "15.5.4",
        "sharp": "^0.34.3"
      },
      "peerDependencies": {
        "@opentelemetry/api": "^1.1.0",
        "@playwright/test": "^1.51.1",
        "babel-plugin-react-compiler": "*",
        "react": "^18.2.0 || 19.0.0-rc-de68d2f4-20241204 || ^19.0.0",
        "react-dom": "^18.2.0 || 19.0.0-rc-de68d2f4-20241204 || ^19.0.0",
        "sass": "^1.3.0"
      },
      "peerDependenciesMeta": {
        "@opentelemetry/api": {
          "optional": true
        },
        "@playwright/test": {
          "optional": true
        },
        "babel-plugin-react-compiler": {
          "optional": true
        },
        "sass": {
          "optional": true
        }
      }
    },
    "../../node_modules/.pnpm/react-dom@19.1.0_react@19.1.0/node_modules/react-dom": {
      "version": "19.1.0",
      "license": "MIT",
      "dependencies": {
        "scheduler": "^0.26.0"
      },
      "peerDependencies": {
        "react": "^19.1.0"
      }
    },
    "../../node_modules/.pnpm/react@19.1.0/node_modules/react": {
      "version": "19.1.0",
      "license": "MIT",
      "engines": {
        "node": ">=0.10.0"
      }
    },
    "../../node_modules/.pnpm/tailwindcss@4.1.14/node_modules/tailwindcss": {
      "version": "4.1.14",
      "dev": true,
      "license": "MIT",
      "devDependencies": {
        "@jridgewell/remapping": "^2.3.4",
        "@tailwindcss/oxide": "^4.1.14",
        "@types/node": "^20.19.0",
        "dedent": "1.7.0",
        "lightningcss": "1.30.1",
        "magic-string": "^0.30.19",
        "source-map-js": "^1.2.1"
      }
    },
    "../../node_modules/.pnpm/typescript@5.9.2/node_modules/typescript": {
      "version": "5.9.2",
      "dev": true,
      "license": "Apache-2.0",
      "bin": {
        "tsc": "bin/tsc",
        "tsserver": "bin/tsserver"
      },
      "devDependencies": {
        "@dprint/formatter": "^0.4.1",
        "@dprint/typescript": "0.93.4",
        "@esfx/canceltoken": "^1.0.0",
        "@eslint/js": "^9.20.0",
        "@octokit/rest": "^21.1.1",
        "@types/chai": "^4.3.20",
        "@types/diff": "^7.0.1",
        "@types/minimist": "^1.2.5",
        "@types/mocha": "^10.0.10",
        "@types/ms": "^0.7.34",
        "@types/node": "latest",
        "@types/source-map-support": "^0.5.10",
        "@types/which": "^3.0.4",
        "@typescript-eslint/rule-tester": "^8.24.1",
        "@typescript-eslint/type-utils": "^8.24.1",
        "@typescript-eslint/utils": "^8.24.1",
        "azure-devops-node-api": "^14.1.0",
        "c8": "^10.1.3",
        "chai": "^4.5.0",
        "chokidar": "^4.0.3",
        "diff": "^7.0.0",
        "dprint": "^0.49.0",
        "esbuild": "^0.25.0",
        "eslint": "^9.20.1",
        "eslint-formatter-autolinkable-stylish": "^1.4.0",
        "eslint-plugin-regexp": "^2.7.0",
        "fast-xml-parser": "^4.5.2",
        "glob": "^10.4.5",
        "globals": "^15.15.0",
        "hereby": "^1.10.0",
        "jsonc-parser": "^3.3.1",
        "knip": "^5.44.4",
        "minimist": "^1.2.8",
        "mocha": "^10.8.2",
        "mocha-fivemat-progress-reporter": "^0.1.0",
        "monocart-coverage-reports": "^2.12.1",
        "ms": "^2.1.3",
        "picocolors": "^1.1.1",
        "playwright": "^1.50.1",
        "source-map-support": "^0.5.21",
        "tslib": "^2.8.1",
        "typescript": "^5.7.3",
        "typescript-eslint": "^8.24.1",
        "which": "^3.0.1"
      },
      "engines": {
        "node": ">=14.17"
      }
    },
    "node_modules/@emotion/cache": {
      "resolved": "../../node_modules/.pnpm/@emotion+cache@11.14.0/node_modules/@emotion/cache",
      "link": true
    },
    "node_modules/@emotion/react": {
      "resolved": "../../node_modules/.pnpm/@emotion+react@11.14.0_@types+react@19.2.0_react@19.1.0/node_modules/@emotion/react",
      "link": true
    },
    "node_modules/@emotion/server": {
      "resolved": "../../node_modules/.pnpm/@emotion+server@11.11.0/node_modules/@emotion/server",
      "link": true
    },
    "node_modules/@emotion/styled": {
      "resolved": "../../node_modules/.pnpm/@emotion+styled@11.14.1_@em_66240149f5d90bee62258486c6c8e555/node_modules/@emotion/styled",
      "link": true
    },
    "node_modules/@mui/icons-material": {
      "resolved": "../../node_modules/.pnpm/@mui+icons-material@7.3.4_@_a9da24b484323264003e24edbf527890/node_modules/@mui/icons-material",
      "link": true
    },
    "node_modules/@mui/material": {
      "resolved": "../../node_modules/.pnpm/@mui+material@7.3.4_@emotio_6f165dbb6eb56237110069d973d6fd7d/node_modules/@mui/material",
      "link": true
    },
    "node_modules/@mui/x-data-grid": {
      "resolved": "../../node_modules/.pnpm/@mui+x-data-grid@8.13.1_@em_b07d343c62fd5f4b02c8f973b9cc30dd/node_modules/@mui/x-data-grid",
      "link": true
    },
    "node_modules/@tailwindcss/postcss": {
      "resolved": "../../node_modules/.pnpm/@tailwindcss+postcss@4.1.14/node_modules/@tailwindcss/postcss",
      "link": true
    },
    "node_modules/@types/fs-extra": {
      "version": "11.0.4",
      "resolved": "https://registry.npmjs.org/@types/fs-extra/-/fs-extra-11.0.4.tgz",
      "integrity": "sha512-yTbItCNreRooED33qjunPthRcSjERP1r4MqCZc7wv0u2sUkzTFp45tgUfS5+r7FrZPdmCCNflLhVSP/o+SemsQ==",
      "dev": true,
      "license": "MIT",
      "dependencies": {
        "@types/jsonfile": "*",
        "@types/node": "*"
      }
    },
    "node_modules/@types/jsonfile": {
      "version": "6.1.4",
      "resolved": "https://registry.npmjs.org/@types/jsonfile/-/jsonfile-6.1.4.tgz",
      "integrity": "sha512-D5qGUYwjvnNNextdU59/+fI+spnwtTFmyQP0h+PfIOSkNfpU6AOICUOkm4i0OnSk+NyjdPJrxCDro0sJsWlRpQ==",
      "dev": true,
      "license": "MIT",
      "dependencies": {
        "@types/node": "*"
      }
    },
    "node_modules/@types/node": {
      "version": "20.19.19",
      "resolved": "https://registry.npmjs.org/@types/node/-/node-20.19.19.tgz",
      "integrity": "sha512-pb1Uqj5WJP7wrcbLU7Ru4QtA0+3kAXrkutGiD26wUKzSMgNNaPARTUDQmElUXp64kh3cWdou3Q0C7qwwxqSFmg==",
      "dev": true,
      "license": "MIT",
      "dependencies": {
        "undici-types": "~6.21.0"
      }
    },
    "node_modules/@types/react": {
      "resolved": "../../node_modules/.pnpm/@types+react@19.2.0/node_modules/@types/react",
      "link": true
    },
    "node_modules/@types/react-dom": {
      "resolved": "../../node_modules/.pnpm/@types+react-dom@19.2.0_@types+react@19.2.0/node_modules/@types/react-dom",
      "link": true
    },
    "node_modules/fs-extra": {
      "resolved": "../../node_modules/.pnpm/fs-extra@11.3.2/node_modules/fs-extra",
      "link": true
    },
    "node_modules/next": {
      "resolved": "../../node_modules/.pnpm/next@15.5.4_react-dom@19.1.0_react@19.1.0__react@19.1.0/node_modules/next",
      "link": true
    },
    "node_modules/react": {
      "resolved": "../../node_modules/.pnpm/react@19.1.0/node_modules/react",
      "link": true
    },
    "node_modules/react-dom": {
      "resolved": "../../node_modules/.pnpm/react-dom@19.1.0_react@19.1.0/node_modules/react-dom",
      "link": true
    },
    "node_modules/tailwindcss": {
      "resolved": "../../node_modules/.pnpm/tailwindcss@4.1.14/node_modules/tailwindcss",
      "link": true
    },
    "node_modules/typescript": {
      "resolved": "../../node_modules/.pnpm/typescript@5.9.2/node_modules/typescript",
      "link": true
    },
    "node_modules/undici-types": {
      "version": "6.21.0",
      "resolved": "https://registry.npmjs.org/undici-types/-/undici-types-6.21.0.tgz",
      "integrity": "sha512-iwDZqg0QAGrg9Rav5H4n0M64c3mkR59cJ6wQp+7C4nI0gsmExaedaYLNO44eT4AtBBwjbTiGPMlt2Md0T9H9JQ==",
      "dev": true,
      "license": "MIT"
    },
    "node_modules/@next/swc-darwin-arm64": {
      "version": "15.5.4",
      "resolved": "https://registry.npmjs.org/@next/swc-darwin-arm64/-/swc-darwin-arm64-15.5.4.tgz",
      "integrity": "sha512-nopqz+Ov6uvorej8ndRX6HlxCYWCO3AHLfKK2TYvxoSB2scETOcfm/HSS3piPqc3A+MUgyHoqE6je4wnkjfrOA==",
      "cpu": [
        "arm64"
      ],
      "optional": true,
      "os": [
        "darwin"
      ],
      "engines": {
        "node": ">= 10"
      }
    },
    "node_modules/@next/swc-darwin-x64": {
      "version": "15.5.4",
      "resolved": "https://registry.npmjs.org/@next/swc-darwin-x64/-/swc-darwin-x64-15.5.4.tgz",
      "integrity": "sha512-QOTCFq8b09ghfjRJKfb68kU9k2K+2wsC4A67psOiMn849K9ZXgCSRQr0oVHfmKnoqCbEmQWG1f2h1T2vtJJ9mA==",
      "cpu": [
        "x64"
      ],
      "optional": true,
      "os": [
        "darwin"
      ],
      "engines": {
        "node": ">= 10"
      }
    },
    "node_modules/@next/swc-linux-arm64-gnu": {
      "version": "15.5.4",
      "resolved": "https://registry.npmjs.org/@next/swc-linux-arm64-gnu/-/swc-linux-arm64-gnu-15.5.4.tgz",
      "integrity": "sha512-eRD5zkts6jS3VfE/J0Kt1VxdFqTnMc3QgO5lFE5GKN3KDI/uUpSyK3CjQHmfEkYR4wCOl0R0XrsjpxfWEA++XA==",
      "cpu": [
        "arm64"
      ],
      "optional": true,
      "os": [
        "linux"
      ],
      "engines": {
        "node": ">= 10"
      }
    },
    "node_modules/@next/swc-linux-arm64-musl": {
      "version": "15.5.4",
      "resolved": "https://registry.npmjs.org/@next/swc-linux-arm64-musl/-/swc-linux-arm64-musl-15.5.4.tgz",
      "integrity": "sha512-TOK7iTxmXFc45UrtKqWdZ1shfxuL4tnVAOuuJK4S88rX3oyVV4ZkLjtMT85wQkfBrOOvU55aLty+MV8xmcJR8A==",
      "cpu": [
        "arm64"
      ],
      "optional": true,
      "os": [
        "linux"
      ],
      "engines": {
        "node": ">= 10"
      }
    },
    "node_modules/@next/swc-linux-x64-gnu": {
      "version": "15.5.4",
      "resolved": "https://registry.npmjs.org/@next/swc-linux-x64-gnu/-/swc-linux-x64-gnu-15.5.4.tgz",
      "integrity": "sha512-7HKolaj+481FSW/5lL0BcTkA4Ueam9SPYWyN/ib/WGAFZf0DGAN8frNpNZYFHtM4ZstrHZS3LY3vrwlIQfsiMA==",
      "cpu": [
        "x64"
      ],
      "optional": true,
      "os": [
        "linux"
      ],
      "engines": {
        "node": ">= 10"
      }
    },
    "node_modules/@next/swc-linux-x64-musl": {
      "version": "15.5.4",
      "resolved": "https://registry.npmjs.org/@next/swc-linux-x64-musl/-/swc-linux-x64-musl-15.5.4.tgz",
      "integrity": "sha512-nlQQ6nfgN0nCO/KuyEUwwOdwQIGjOs4WNMjEUtpIQJPR2NUfmGpW2wkJln1d4nJ7oUzd1g4GivH5GoEPBgfsdw==",
      "cpu": [
        "x64"
      ],
      "optional": true,
      "os": [
        "linux"
      ],
      "engines": {
        "node": ">= 10"
      }
    },
    "node_modules/@next/swc-win32-arm64-msvc": {
      "version": "15.5.4",
      "resolved": "https://registry.npmjs.org/@next/swc-win32-arm64-msvc/-/swc-win32-arm64-msvc-15.5.4.tgz",
      "integrity": "sha512-PcR2bN7FlM32XM6eumklmyWLLbu2vs+D7nJX8OAIoWy69Kef8mfiN4e8TUv2KohprwifdpFKPzIP1njuCjD0YA==",
      "cpu": [
        "arm64"
      ],
      "optional": true,
      "os": [
        "win32"
      ],
      "engines": {
        "node": ">= 10"
      }
    },
    "node_modules/@next/swc-win32-x64-msvc": {
      "version": "15.5.4",
      "resolved": "https://registry.npmjs.org/@next/swc-win32-x64-msvc/-/swc-win32-x64-msvc-15.5.4.tgz",
      "integrity": "sha512-1ur2tSHZj8Px/KMAthmuI9FMp/YFusMMGoRNJaRZMOlSkgvLjzosSdQI0cJAKogdHl3qXUQKL9MGaYvKwA7DXg==",
      "cpu": [
        "x64"
      ],
      "optional": true,
      "os": [
        "win32"
      ],
      "engines": {
        "node": ">= 10"
      }
    }
  }
}
